<?xml version="1.0" encoding="utf-8"?>
<Project ToolsVersion="4.0" xmlns="http://schemas.microsoft.com/developer/msbuild/2003">
  <ItemGroup>
    <ClCompile Include="Enemy.cpp" />
    <ClCompile Include="GeneratedFiles\Debug\moc_hopphen.cpp" />
    <ClCompile Include="GeneratedFiles\qrc_hopphen.cpp" />
    <ClCompile Include="GeneratedFiles\Release\moc_hopphen.cpp" />
    <ClCompile Include="Ground.cpp" />
    <ClCompile Include="hopphen.cpp" />
    <ClCompile Include="main.cpp" />
    <ClCompile Include="Platform.cpp" />
    <ClCompile Include="PlatformBreakable.cpp" />
    <ClCompile Include="Player.cpp" />
    <ClCompile Include="ScoreManager.cpp" />
    <ClCompile Include="Shot.cpp" />
    <ClCompile Include="WorldManager.cpp" />
    <ClCompile Include="PlatformNormal.cpp">
      <Filter>Source Files</Filter>
    </ClCompile>
  </ItemGroup>
  <ItemGroup>
    <ClInclude Include="Enemy.h" />
    <ClInclude Include="GeneratedFiles\ui_hopphen.h" />
    <ClInclude Include="defines.h" />
    <ClInclude Include="Ground.h" />
    <ClInclude Include="includes.h" />
    <ClInclude Include="Platform.h" />
    <ClInclude Include="PlatformBreakable.h" />
    <ClInclude Include="Player.h" />
    <ClInclude Include="resource.h" />
    <ClInclude Include="ScoreManager.h" />
    <ClInclude Include="WorldManager.h" />
    <ClInclude Include="PlatformNormal.h">
      <Filter>Header Files</Filter>
    </ClInclude>
  </ItemGroup>
  <ItemGroup>
    <CustomBuild Include="hopphen.h" />
    <CustomBuild Include="hopphen.ui" />
    <CustomBuild Include="Shot.h" />
    <CustomBuild Include="hopphen.qrc" />
  </ItemGroup>
  <ItemGroup>
    <ResourceCompile Include="HoppHen.rc" />
  </ItemGroup>
  <ItemGroup>
    <Image Include="..\..\..\..\Desktop\monster1.png" />
    <Image Include="..\..\..\..\GitHub\HoppHen\Eivind.png" />
    <Image Include="..\..\..\..\Pictures\DarkenedLose.png" />
    <Image Include="..\..\..\..\Pictures\Dirt.png" />
    <Image Include="..\..\..\..\Pictures\ScoreScreen.png" />
    <Image Include="..\..\..\..\Visual Studio 2015\Projects\SpelProjekt\SpelProjekt\SpelProjektContent\Images\BackGround.png" />
    <Image Include="bitmap1.bmp" />
    <Image Include="EivindDead.png" />
    <Image Include="IntroScreen.png" />
    <Image Include="monster-clip-art-flying-monster-clipart.png" />
    <Image Include="ScoreTab.png" />
    <Image Include="shot.png" />
    <Image Include="pizzahutBreak.png" />
  </ItemGroup>
  <ItemGroup>
    <Text Include="HiScores.txt" />
  </ItemGroup>
  <ItemGroup>
    <Filter Include="Header Files">
      <UniqueIdentifier>{93995380-89BD-4b04-88EB-625FBE52EBFB}</UniqueIdentifier>
      <Extensions>h</Extensions>
      <ParseFiles>true</ParseFiles>
    </Filter>
    <Filter Include="Source Files">
      <UniqueIdentifier>{4FC737F1-C7A5-4376-A066-2A32D752A2FF}</UniqueIdentifier>
      <Extensions>cpp;cxx;c;def</Extensions>
      <ParseFiles>true</ParseFiles>
    </Filter>
  </ItemGroup>
</Project>